
Microsoft Visual Studio Solution File, Format Version 12.00
# Visual Studio Version 17
VisualStudioVersion = 17.0.31903.59
MinimumVisualStudioVersion = 10.0.40219.1
Project("{2150E333-8FDC-42A3-9474-1A3956D46DE8}") = "src", "src", "{827E0CD3-B72D-47B6-A68D-7590B98EB39B}"
EndProject
Project("{FAE04EC0-301F-11D3-BF4B-00C04F79EFBC}") = "PagBoleto.Domain", "src\PagBoleto.Domain\PagBoleto.Domain.csproj", "{50F8CF9A-61E0-43A9-8DC1-B23206A9DBA7}"
EndProject
Project("{FAE04EC0-301F-11D3-BF4B-00C04F79EFBC}") = "PagBoleto.Application", "src\PagBoleto.Application\PagBoleto.Application.csproj", "{958D887F-4921-41B9-BCDA-731B30416E2B}"
EndProject
Project("{FAE04EC0-301F-11D3-BF4B-00C04F79EFBC}") = "PagBoleto.Contracts", "src\PagBoleto.Contracts\PagBoleto.Contracts.csproj", "{23BCBEB3-2DFE-4CA7-8F7D-C8A782369134}"
EndProject
Project("{FAE04EC0-301F-11D3-BF4B-00C04F79EFBC}") = "PagBoleto.Infrastructure", "src\PagBoleto.Infrastructure\PagBoleto.Infrastructure.csproj", "{4892A178-7CB8-4CB3-8F26-53C7F8C1EA44}"
EndProject
Project("{FAE04EC0-301F-11D3-BF4B-00C04F79EFBC}") = "PagBoleto.Api", "src\PagBoleto.Api\PagBoleto.Api.csproj", "{57B5AC58-704C-4D16-93C6-32A3280E2C27}"
EndProject
Project("{FAE04EC0-301F-11D3-BF4B-00C04F79EFBC}") = "PagBoleto.Worker", "src\PagBoleto.Worker\PagBoleto.Worker.csproj", "{3BE257E9-6E1F-400E-92A6-B52DF5037068}"
EndProject
Project("{2150E333-8FDC-42A3-9474-1A3956D46DE8}") = "tests", "tests", "{0AB3BF05-4346-4AA6-1389-037BE0695223}"
EndProject
Project("{FAE04EC0-301F-11D3-BF4B-00C04F79EFBC}") = "PagBoleto.Domain.Tests", "tests\PagBoleto.Domain.Tests\PagBoleto.Domain.Tests.csproj", "{032608ED-34A3-4653-9AED-549487D43C4C}"
EndProject
Project("{FAE04EC0-301F-11D3-BF4B-00C04F79EFBC}") = "PagBoleto.Integration.Tests", "tests\PagBoleto.Integration.Tests\PagBoleto.Integration.Tests.csproj", "{9D68FBAF-12DE-46CD-B9D8-17A35C9E94F5}"
EndProject
Project("{2150E333-8FDC-42A3-9474-1A3956D46DE8}") = "Itens de Solução", "Itens de Solução", "{380A7511-A354-6D7A-0CC0-8FA1F1BA7B6C}"
	ProjectSection(SolutionItems) = preProject
		docker-compose.yml = docker-compose.yml
	EndProjectSection
EndProject
Global
	GlobalSection(SolutionConfigurationPlatforms) = preSolution
		Debug|Any CPU = Debug|Any CPU
		Debug|x64 = Debug|x64
		Debug|x86 = Debug|x86
		Release|Any CPU = Release|Any CPU
		Release|x64 = Release|x64
		Release|x86 = Release|x86
	EndGlobalSection
	GlobalSection(ProjectConfigurationPlatforms) = postSolution
		{50F8CF9A-61E0-43A9-8DC1-B23206A9DBA7}.Debug|Any CPU.ActiveCfg = Debug|Any CPU
		{50F8CF9A-61E0-43A9-8DC1-B23206A9DBA7}.Debug|Any CPU.Build.0 = Debug|Any CPU
		{50F8CF9A-61E0-43A9-8DC1-B23206A9DBA7}.Debug|x64.ActiveCfg = Debug|Any CPU
		{50F8CF9A-61E0-43A9-8DC1-B23206A9DBA7}.Debug|x64.Build.0 = Debug|Any CPU
		{50F8CF9A-61E0-43A9-8DC1-B23206A9DBA7}.Debug|x86.ActiveCfg = Debug|Any CPU
		{50F8CF9A-61E0-43A9-8DC1-B23206A9DBA7}.Debug|x86.Build.0 = Debug|Any CPU
		{50F8CF9A-61E0-43A9-8DC1-B23206A9DBA7}.Release|Any CPU.ActiveCfg = Release|Any CPU
		{50F8CF9A-61E0-43A9-8DC1-B23206A9DBA7}.Release|Any CPU.Build.0 = Release|Any CPU
		{50F8CF9A-61E0-43A9-8DC1-B23206A9DBA7}.Release|x64.ActiveCfg = Release|Any CPU
		{50F8CF9A-61E0-43A9-8DC1-B23206A9DBA7}.Release|x64.Build.0 = Release|Any CPU
		{50F8CF9A-61E0-43A9-8DC1-B23206A9DBA7}.Release|x86.ActiveCfg = Release|Any CPU
		{50F8CF9A-61E0-43A9-8DC1-B23206A9DBA7}.Release|x86.Build.0 = Release|Any CPU
		{958D887F-4921-41B9-BCDA-731B30416E2B}.Debug|Any CPU.ActiveCfg = Debug|Any CPU
		{958D887F-4921-41B9-BCDA-731B30416E2B}.Debug|Any CPU.Build.0 = Debug|Any CPU
		{958D887F-4921-41B9-BCDA-731B30416E2B}.Debug|x64.ActiveCfg = Debug|Any CPU
		{958D887F-4921-41B9-BCDA-731B30416E2B}.Debug|x64.Build.0 = Debug|Any CPU
		{958D887F-4921-41B9-BCDA-731B30416E2B}.Debug|x86.ActiveCfg = Debug|Any CPU
		{958D887F-4921-41B9-BCDA-731B30416E2B}.Debug|x86.Build.0 = Debug|Any CPU
		{958D887F-4921-41B9-BCDA-731B30416E2B}.Release|Any CPU.ActiveCfg = Release|Any CPU
		{958D887F-4921-41B9-BCDA-731B30416E2B}.Release|Any CPU.Build.0 = Release|Any CPU
		{958D887F-4921-41B9-BCDA-731B30416E2B}.Release|x64.ActiveCfg = Release|Any CPU
		{958D887F-4921-41B9-BCDA-731B30416E2B}.Release|x64.Build.0 = Release|Any CPU
		{958D887F-4921-41B9-BCDA-731B30416E2B}.Release|x86.ActiveCfg = Release|Any CPU
		{958D887F-4921-41B9-BCDA-731B30416E2B}.Release|x86.Build.0 = Release|Any CPU
		{23BCBEB3-2DFE-4CA7-8F7D-C8A782369134}.Debug|Any CPU.ActiveCfg = Debug|Any CPU
		{23BCBEB3-2DFE-4CA7-8F7D-C8A782369134}.Debug|Any CPU.Build.0 = Debug|Any CPU
		{23BCBEB3-2DFE-4CA7-8F7D-C8A782369134}.Debug|x64.ActiveCfg = Debug|Any CPU
		{23BCBEB3-2DFE-4CA7-8F7D-C8A782369134}.Debug|x64.Build.0 = Debug|Any CPU
		{23BCBEB3-2DFE-4CA7-8F7D-C8A782369134}.Debug|x86.ActiveCfg = Debug|Any CPU
		{23BCBEB3-2DFE-4CA7-8F7D-C8A782369134}.Debug|x86.Build.0 = Debug|Any CPU
		{23BCBEB3-2DFE-4CA7-8F7D-C8A782369134}.Release|Any CPU.ActiveCfg = Release|Any CPU
		{23BCBEB3-2DFE-4CA7-8F7D-C8A782369134}.Release|Any CPU.Build.0 = Release|Any CPU
		{23BCBEB3-2DFE-4CA7-8F7D-C8A782369134}.Release|x64.ActiveCfg = Release|Any CPU
		{23BCBEB3-2DFE-4CA7-8F7D-C8A782369134}.Release|x64.Build.0 = Release|Any CPU
		{23BCBEB3-2DFE-4CA7-8F7D-C8A782369134}.Release|x86.ActiveCfg = Release|Any CPU
		{23BCBEB3-2DFE-4CA7-8F7D-C8A782369134}.Release|x86.Build.0 = Release|Any CPU
		{4892A178-7CB8-4CB3-8F26-53C7F8C1EA44}.Debug|Any CPU.ActiveCfg = Debug|Any CPU
		{4892A178-7CB8-4CB3-8F26-53C7F8C1EA44}.Debug|Any CPU.Build.0 = Debug|Any CPU
		{4892A178-7CB8-4CB3-8F26-53C7F8C1EA44}.Debug|x64.ActiveCfg = Debug|Any CPU
		{4892A178-7CB8-4CB3-8F26-53C7F8C1EA44}.Debug|x64.Build.0 = Debug|Any CPU
		{4892A178-7CB8-4CB3-8F26-53C7F8C1EA44}.Debug|x86.ActiveCfg = Debug|Any CPU
		{4892A178-7CB8-4CB3-8F26-53C7F8C1EA44}.Debug|x86.Build.0 = Debug|Any CPU
		{4892A178-7CB8-4CB3-8F26-53C7F8C1EA44}.Release|Any CPU.ActiveCfg = Release|Any CPU
		{4892A178-7CB8-4CB3-8F26-53C7F8C1EA44}.Release|Any CPU.Build.0 = Release|Any CPU
		{4892A178-7CB8-4CB3-8F26-53C7F8C1EA44}.Release|x64.ActiveCfg = Release|Any CPU
		{4892A178-7CB8-4CB3-8F26-53C7F8C1EA44}.Release|x64.Build.0 = Release|Any CPU
		{4892A178-7CB8-4CB3-8F26-53C7F8C1EA44}.Release|x86.ActiveCfg = Release|Any CPU
		{4892A178-7CB8-4CB3-8F26-53C7F8C1EA44}.Release|x86.Build.0 = Release|Any CPU
		{57B5AC58-704C-4D16-93C6-32A3280E2C27}.Debug|Any CPU.ActiveCfg = Debug|Any CPU
		{57B5AC58-704C-4D16-93C6-32A3280E2C27}.Debug|Any CPU.Build.0 = Debug|Any CPU
		{57B5AC58-704C-4D16-93C6-32A3280E2C27}.Debug|x64.ActiveCfg = Debug|Any CPU
		{57B5AC58-704C-4D16-93C6-32A3280E2C27}.Debug|x64.Build.0 = Debug|Any CPU
		{57B5AC58-704C-4D16-93C6-32A3280E2C27}.Debug|x86.ActiveCfg = Debug|Any CPU
		{57B5AC58-704C-4D16-93C6-32A3280E2C27}.Debug|x86.Build.0 = Debug|Any CPU
		{57B5AC58-704C-4D16-93C6-32A3280E2C27}.Release|Any CPU.ActiveCfg = Release|Any CPU
		{57B5AC58-704C-4D16-93C6-32A3280E2C27}.Release|Any CPU.Build.0 = Release|Any CPU
		{57B5AC58-704C-4D16-93C6-32A3280E2C27}.Release|x64.ActiveCfg = Release|Any CPU
		{57B5AC58-704C-4D16-93C6-32A3280E2C27}.Release|x64.Build.0 = Release|Any CPU
		{57B5AC58-704C-4D16-93C6-32A3280E2C27}.Release|x86.ActiveCfg = Release|Any CPU
		{57B5AC58-704C-4D16-93C6-32A3280E2C27}.Release|x86.Build.0 = Release|Any CPU
		{3BE257E9-6E1F-400E-92A6-B52DF5037068}.Debug|Any CPU.ActiveCfg = Debug|Any CPU
		{3BE257E9-6E1F-400E-92A6-B52DF5037068}.Debug|Any CPU.Build.0 = Debug|Any CPU
		{3BE257E9-6E1F-400E-92A6-B52DF5037068}.Debug|x64.ActiveCfg = Debug|Any CPU
		{3BE257E9-6E1F-400E-92A6-B52DF5037068}.Debug|x64.Build.0 = Debug|Any CPU
		{3BE257E9-6E1F-400E-92A6-B52DF5037068}.Debug|x86.ActiveCfg = Debug|Any CPU
		{3BE257E9-6E1F-400E-92A6-B52DF5037068}.Debug|x86.Build.0 = Debug|Any CPU
		{3BE257E9-6E1F-400E-92A6-B52DF5037068}.Release|Any CPU.ActiveCfg = Release|Any CPU
		{3BE257E9-6E1F-400E-92A6-B52DF5037068}.Release|Any CPU.Build.0 = Release|Any CPU
		{3BE257E9-6E1F-400E-92A6-B52DF5037068}.Release|x64.ActiveCfg = Release|Any CPU
		{3BE257E9-6E1F-400E-92A6-B52DF5037068}.Release|x64.Build.0 = Release|Any CPU
		{3BE257E9-6E1F-400E-92A6-B52DF5037068}.Release|x86.ActiveCfg = Release|Any CPU
		{3BE257E9-6E1F-400E-92A6-B52DF5037068}.Release|x86.Build.0 = Release|Any CPU
		{032608ED-34A3-4653-9AED-549487D43C4C}.Debug|Any CPU.ActiveCfg = Debug|Any CPU
		{032608ED-34A3-4653-9AED-549487D43C4C}.Debug|Any CPU.Build.0 = Debug|Any CPU
		{032608ED-34A3-4653-9AED-549487D43C4C}.Debug|x64.ActiveCfg = Debug|Any CPU
		{032608ED-34A3-4653-9AED-549487D43C4C}.Debug|x64.Build.0 = Debug|Any CPU
		{032608ED-34A3-4653-9AED-549487D43C4C}.Debug|x86.ActiveCfg = Debug|Any CPU
		{032608ED-34A3-4653-9AED-549487D43C4C}.Debug|x86.Build.0 = Debug|Any CPU
		{032608ED-34A3-4653-9AED-549487D43C4C}.Release|Any CPU.ActiveCfg = Release|Any CPU
		{032608ED-34A3-4653-9AED-549487D43C4C}.Release|Any CPU.Build.0 = Release|Any CPU
		{032608ED-34A3-4653-9AED-549487D43C4C}.Release|x64.ActiveCfg = Release|Any CPU
		{032608ED-34A3-4653-9AED-549487D43C4C}.Release|x64.Build.0 = Release|Any CPU
		{032608ED-34A3-4653-9AED-549487D43C4C}.Release|x86.ActiveCfg = Release|Any CPU
		{032608ED-34A3-4653-9AED-549487D43C4C}.Release|x86.Build.0 = Release|Any CPU
		{9D68FBAF-12DE-46CD-B9D8-17A35C9E94F5}.Debug|Any CPU.ActiveCfg = Debug|Any CPU
		{9D68FBAF-12DE-46CD-B9D8-17A35C9E94F5}.Debug|Any CPU.Build.0 = Debug|Any CPU
		{9D68FBAF-12DE-46CD-B9D8-17A35C9E94F5}.Debug|x64.ActiveCfg = Debug|Any CPU
		{9D68FBAF-12DE-46CD-B9D8-17A35C9E94F5}.Debug|x64.Build.0 = Debug|Any CPU
		{9D68FBAF-12DE-46CD-B9D8-17A35C9E94F5}.Debug|x86.ActiveCfg = Debug|Any CPU
		{9D68FBAF-12DE-46CD-B9D8-17A35C9E94F5}.Debug|x86.Build.0 = Debug|Any CPU
		{9D68FBAF-12DE-46CD-B9D8-17A35C9E94F5}.Release|Any CPU.ActiveCfg = Release|Any CPU
		{9D68FBAF-12DE-46CD-B9D8-17A35C9E94F5}.Release|Any CPU.Build.0 = Release|Any CPU
		{9D68FBAF-12DE-46CD-B9D8-17A35C9E94F5}.Release|x64.ActiveCfg = Release|Any CPU
		{9D68FBAF-12DE-46CD-B9D8-17A35C9E94F5}.Release|x64.Build.0 = Release|Any CPU
		{9D68FBAF-12DE-46CD-B9D8-17A35C9E94F5}.Release|x86.ActiveCfg = Release|Any CPU
		{9D68FBAF-12DE-46CD-B9D8-17A35C9E94F5}.Release|x86.Build.0 = Release|Any CPU
	EndGlobalSection
	GlobalSection(SolutionProperties) = preSolution
		HideSolutionNode = FALSE
	EndGlobalSection
	GlobalSection(NestedProjects) = preSolution
		{50F8CF9A-61E0-43A9-8DC1-B23206A9DBA7} = {827E0CD3-B72D-47B6-A68D-7590B98EB39B}
		{958D887F-4921-41B9-BCDA-731B30416E2B} = {827E0CD3-B72D-47B6-A68D-7590B98EB39B}
		{23BCBEB3-2DFE-4CA7-8F7D-C8A782369134} = {827E0CD3-B72D-47B6-A68D-7590B98EB39B}
		{4892A178-7CB8-4CB3-8F26-53C7F8C1EA44} = {827E0CD3-B72D-47B6-A68D-7590B98EB39B}
		{57B5AC58-704C-4D16-93C6-32A3280E2C27} = {827E0CD3-B72D-47B6-A68D-7590B98EB39B}
		{3BE257E9-6E1F-400E-92A6-B52DF5037068} = {827E0CD3-B72D-47B6-A68D-7590B98EB39B}
		{032608ED-34A3-4653-9AED-549487D43C4C} = {0AB3BF05-4346-4AA6-1389-037BE0695223}
		{9D68FBAF-12DE-46CD-B9D8-17A35C9E94F5} = {0AB3BF05-4346-4AA6-1389-037BE0695223}
	EndGlobalSection
	GlobalSection(ExtensibilityGlobals) = postSolution
		SolutionGuid = {D69C6EF6-271A-40A0-BFA8-701F4E208BBA}
	EndGlobalSection
EndGlobal
